
Microsoft Visual Studio Solution File, Format Version 12.00
# Visual Studio Version 17
VisualStudioVersion = 17.4.33205.214
MinimumVisualStudioVersion = 10.0.40219.1
Project("{FAE04EC0-301F-11D3-BF4B-00C04F79EFBC}") = "pal_server_control_server", "pal_server_control_server.csproj", "{7E81B429-6797-45F0-AF3C-AAF892BFE45E}"
EndProject
Project("{9A19103F-16F7-4668-BE54-9A1E7A4F7556}") = "pal_server_control_client_winform", "..\pal_server_control_client_winform\pal_server_control_client_winform.csproj", "{6567470D-8E92-460D-869E-F80D0E9577FC}"
EndProject
Global
	GlobalSection(SolutionConfigurationPlatforms) = preSolution
		Debug|Any CPU = Debug|Any CPU
		Release|Any CPU = Release|Any CPU
	EndGlobalSection
	GlobalSection(ProjectConfigurationPlatforms) = postSolution
		{7E81B429-6797-45F0-AF3C-AAF892BFE45E}.Debug|Any CPU.ActiveCfg = Debug|Any CPU
		{7E81B429-6797-45F0-AF3C-AAF892BFE45E}.Debug|Any CPU.Build.0 = Debug|Any CPU
		{7E81B429-6797-45F0-AF3C-AAF892BFE45E}.Release|Any CPU.ActiveCfg = Release|Any CPU
		{7E81B429-6797-45F0-AF3C-AAF892BFE45E}.Release|Any CPU.Build.0 = Release|Any CPU
		{6567470D-8E92-460D-869E-F80D0E9577FC}.Debug|Any CPU.ActiveCfg = Debug|Any CPU
		{6567470D-8E92-460D-869E-F80D0E9577FC}.Debug|Any CPU.Build.0 = Debug|Any CPU
		{6567470D-8E92-460D-869E-F80D0E9577FC}.Release|Any CPU.ActiveCfg = Release|Any CPU
		{6567470D-8E92-460D-869E-F80D0E9577FC}.Release|Any CPU.Build.0 = Release|Any CPU
	EndGlobalSection
	GlobalSection(SolutionProperties) = preSolution
		HideSolutionNode = FALSE
	EndGlobalSection
	GlobalSection(ExtensibilityGlobals) = postSolution
		SolutionGuid = {AC7AA976-114E-4167-8FF2-94ED517EA1E5}
	EndGlobalSection
EndGlobal
